// !$*UTF8*$!
{
	archiveVersion = 1;
	classes = {
	};
	objectVersion = 56;
	objects = {

/* Begin PBXBuildFile section */
		125C6A652C0B95E80070F742 /* OnboardViewController.swift in Sources */ = {isa = PBXBuildFile; fileRef = 125C6A642C0B95E80070F742 /* OnboardViewController.swift */; };
		125C6A672C0B95F90070F742 /* OnboardContentViewController.swift in Sources */ = {isa = PBXBuildFile; fileRef = 125C6A662C0B95F90070F742 /* OnboardContentViewController.swift */; };
		125C6A692C0B96B10070F742 /* ObservableValue.swift in Sources */ = {isa = PBXBuildFile; fileRef = 125C6A682C0B96B10070F742 /* ObservableValue.swift */; };
		125C6A6B2C0B9CCB0070F742 /* TrackerCategoryViewModel.swift in Sources */ = {isa = PBXBuildFile; fileRef = 125C6A6A2C0B9CCB0070F742 /* TrackerCategoryViewModel.swift */; };
		12C011DA2C023F700055E836 /* TrackersCategoryStorage.swift in Sources */ = {isa = PBXBuildFile; fileRef = 12C011D92C023F700055E836 /* TrackersCategoryStorage.swift */; };
		12C011DC2C023F810055E836 /* TrackersStorage.swift in Sources */ = {isa = PBXBuildFile; fileRef = 12C011DB2C023F810055E836 /* TrackersStorage.swift */; };
		12C011DE2C023F930055E836 /* TrackersRecordStorage.swift in Sources */ = {isa = PBXBuildFile; fileRef = 12C011DD2C023F930055E836 /* TrackersRecordStorage.swift */; };
		12C011E02C02433E0055E836 /* StorageError.swift in Sources */ = {isa = PBXBuildFile; fileRef = 12C011DF2C02433E0055E836 /* StorageError.swift */; };
		12C011E42C0244DD0055E836 /* TrackerModel.xcdatamodeld in Sources */ = {isa = PBXBuildFile; fileRef = 12C011E22C0244DD0055E836 /* TrackerModel.xcdatamodeld */; };
		12C011E62C0247A20055E836 /* UIColorSorting.swift in Sources */ = {isa = PBXBuildFile; fileRef = 12C011E52C0247A20055E836 /* UIColorSorting.swift */; };
		12C011E82C0260510055E836 /* EmojiCollectionViewCell.swift in Sources */ = {isa = PBXBuildFile; fileRef = 12C011E72C0260510055E836 /* EmojiCollectionViewCell.swift */; };
		12C011EA2C0260730055E836 /* ColorsCollectionViewCell.swift in Sources */ = {isa = PBXBuildFile; fileRef = 12C011E92C0260730055E836 /* ColorsCollectionViewCell.swift */; };
		12D148D72BDEB29400AEA722 /* AppDelegate.swift in Sources */ = {isa = PBXBuildFile; fileRef = 12D148D62BDEB29400AEA722 /* AppDelegate.swift */; };
		12D148D92BDEB29400AEA722 /* SceneDelegate.swift in Sources */ = {isa = PBXBuildFile; fileRef = 12D148D82BDEB29400AEA722 /* SceneDelegate.swift */; };
		12D148E02BDEB29500AEA722 /* Assets.xcassets in Resources */ = {isa = PBXBuildFile; fileRef = 12D148DF2BDEB29500AEA722 /* Assets.xcassets */; };
		12D148E32BDEB29500AEA722 /* LaunchScreen.storyboard in Resources */ = {isa = PBXBuildFile; fileRef = 12D148E12BDEB29500AEA722 /* LaunchScreen.storyboard */; };
		12D148EE2BDEB29500AEA722 /* HabitTrackerTests.swift in Sources */ = {isa = PBXBuildFile; fileRef = 12D148ED2BDEB29500AEA722 /* HabitTrackerTests.swift */; };
		12D148F82BDEB29500AEA722 /* HabitTrackerUITests.swift in Sources */ = {isa = PBXBuildFile; fileRef = 12D148F72BDEB29500AEA722 /* HabitTrackerUITests.swift */; };
		12D148FA2BDEB29500AEA722 /* HabitTrackerUITestsLaunchTests.swift in Sources */ = {isa = PBXBuildFile; fileRef = 12D148F92BDEB29500AEA722 /* HabitTrackerUITestsLaunchTests.swift */; };
		12D149072BDEB4E300AEA722 /* TrackersViewController.swift in Sources */ = {isa = PBXBuildFile; fileRef = 12D149062BDEB4E300AEA722 /* TrackersViewController.swift */; };
		12D149092BDEB4F800AEA722 /* TabBarController.swift in Sources */ = {isa = PBXBuildFile; fileRef = 12D149082BDEB4F800AEA722 /* TabBarController.swift */; };
		12D1490B2BDEB54500AEA722 /* StatsViewController.swift in Sources */ = {isa = PBXBuildFile; fileRef = 12D1490A2BDEB54500AEA722 /* StatsViewController.swift */; };
		12D1490E2BDEBBB500AEA722 /* NewTrackerViewController.swift in Sources */ = {isa = PBXBuildFile; fileRef = 12D1490D2BDEBBB500AEA722 /* NewTrackerViewController.swift */; };
		12D149102BDEBBFD00AEA722 /* NewHabitViewController.swift in Sources */ = {isa = PBXBuildFile; fileRef = 12D1490F2BDEBBFD00AEA722 /* NewHabitViewController.swift */; };
		12D149122BDEBC2300AEA722 /* NewSingleHabitViewController.swift in Sources */ = {isa = PBXBuildFile; fileRef = 12D149112BDEBC2300AEA722 /* NewSingleHabitViewController.swift */; };
		12D149142BDEBD6400AEA722 /* NewTableCell.swift in Sources */ = {isa = PBXBuildFile; fileRef = 12D149132BDEBD6400AEA722 /* NewTableCell.swift */; };
		12D149162BDEBD9100AEA722 /* TrackerCategoryViewController.swift in Sources */ = {isa = PBXBuildFile; fileRef = 12D149152BDEBD9100AEA722 /* TrackerCategoryViewController.swift */; };
		12D149192BDEBE1500AEA722 /* DateFormatter.swift in Sources */ = {isa = PBXBuildFile; fileRef = 12D149182BDEBE1500AEA722 /* DateFormatter.swift */; };
		12D1491C2BDEBE7900AEA722 /* Tracker.swift in Sources */ = {isa = PBXBuildFile; fileRef = 12D1491B2BDEBE7900AEA722 /* Tracker.swift */; };
		12D1491E2BDEBE8700AEA722 /* TrackerCategory.swift in Sources */ = {isa = PBXBuildFile; fileRef = 12D1491D2BDEBE8700AEA722 /* TrackerCategory.swift */; };
		12D149202BDEBE9000AEA722 /* TrackerRecord.swift in Sources */ = {isa = PBXBuildFile; fileRef = 12D1491F2BDEBE9000AEA722 /* TrackerRecord.swift */; };
		12D149222BDEC04100AEA722 /* DateStorage.swift in Sources */ = {isa = PBXBuildFile; fileRef = 12D149212BDEC04100AEA722 /* DateStorage.swift */; };
		12D149242BDEC0A800AEA722 /* CreatingTrackersModel.swift in Sources */ = {isa = PBXBuildFile; fileRef = 12D149232BDEC0A800AEA722 /* CreatingTrackersModel.swift */; };
		12D149262BDEC0EA00AEA722 /* CreatingCategoryViewController.swift in Sources */ = {isa = PBXBuildFile; fileRef = 12D149252BDEC0EA00AEA722 /* CreatingCategoryViewController.swift */; };
		12D149282BDEC15200AEA722 /* UITextField+Extension.swift in Sources */ = {isa = PBXBuildFile; fileRef = 12D149272BDEC15200AEA722 /* UITextField+Extension.swift */; };
		12D1492A2BDEC1A300AEA722 /* UIColors.swift in Sources */ = {isa = PBXBuildFile; fileRef = 12D149292BDEC1A300AEA722 /* UIColors.swift */; };
		12D1492C2BDEC1CF00AEA722 /* ScheduleViewController.swift in Sources */ = {isa = PBXBuildFile; fileRef = 12D1492B2BDEC1CF00AEA722 /* ScheduleViewController.swift */; };
		12D1492E2BDEC1ED00AEA722 /* ScheduleCell.swift in Sources */ = {isa = PBXBuildFile; fileRef = 12D1492D2BDEC1ED00AEA722 /* ScheduleCell.swift */; };
		12D149302BDEC27100AEA722 /* CollectionSetup.swift in Sources */ = {isa = PBXBuildFile; fileRef = 12D1492F2BDEC27100AEA722 /* CollectionSetup.swift */; };
		12D149322BDEC28D00AEA722 /* TrackerCell.swift in Sources */ = {isa = PBXBuildFile; fileRef = 12D149312BDEC28D00AEA722 /* TrackerCell.swift */; };
		12D149342BDEC2B500AEA722 /* SupplementaryView.swift in Sources */ = {isa = PBXBuildFile; fileRef = 12D149332BDEC2B500AEA722 /* SupplementaryView.swift */; };
/* End PBXBuildFile section */

/* Begin PBXContainerItemProxy section */
		12D148EA2BDEB29500AEA722 /* PBXContainerItemProxy */ = {
			isa = PBXContainerItemProxy;
			containerPortal = 12D148CB2BDEB29400AEA722 /* Project object */;
			proxyType = 1;
			remoteGlobalIDString = 12D148D22BDEB29400AEA722;
			remoteInfo = HabitTracker;
		};
		12D148F42BDEB29500AEA722 /* PBXContainerItemProxy */ = {
			isa = PBXContainerItemProxy;
			containerPortal = 12D148CB2BDEB29400AEA722 /* Project object */;
			proxyType = 1;
			remoteGlobalIDString = 12D148D22BDEB29400AEA722;
			remoteInfo = HabitTracker;
		};
/* End PBXContainerItemProxy section */

/* Begin PBXFileReference section */
		125C6A642C0B95E80070F742 /* OnboardViewController.swift */ = {isa = PBXFileReference; lastKnownFileType = sourcecode.swift; path = OnboardViewController.swift; sourceTree = "<group>"; };
		125C6A662C0B95F90070F742 /* OnboardContentViewController.swift */ = {isa = PBXFileReference; lastKnownFileType = sourcecode.swift; path = OnboardContentViewController.swift; sourceTree = "<group>"; };
		125C6A682C0B96B10070F742 /* ObservableValue.swift */ = {isa = PBXFileReference; lastKnownFileType = sourcecode.swift; path = ObservableValue.swift; sourceTree = "<group>"; };
		125C6A6A2C0B9CCB0070F742 /* TrackerCategoryViewModel.swift */ = {isa = PBXFileReference; lastKnownFileType = sourcecode.swift; path = TrackerCategoryViewModel.swift; sourceTree = "<group>"; };
		12C011D92C023F700055E836 /* TrackersCategoryStorage.swift */ = {isa = PBXFileReference; lastKnownFileType = sourcecode.swift; path = TrackersCategoryStorage.swift; sourceTree = "<group>"; };
		12C011DB2C023F810055E836 /* TrackersStorage.swift */ = {isa = PBXFileReference; lastKnownFileType = sourcecode.swift; path = TrackersStorage.swift; sourceTree = "<group>"; };
		12C011DD2C023F930055E836 /* TrackersRecordStorage.swift */ = {isa = PBXFileReference; lastKnownFileType = sourcecode.swift; path = TrackersRecordStorage.swift; sourceTree = "<group>"; };
		12C011DF2C02433E0055E836 /* StorageError.swift */ = {isa = PBXFileReference; lastKnownFileType = sourcecode.swift; path = StorageError.swift; sourceTree = "<group>"; };
		12C011E32C0244DD0055E836 /* TrackerModel.xcdatamodel */ = {isa = PBXFileReference; lastKnownFileType = wrapper.xcdatamodel; path = TrackerModel.xcdatamodel; sourceTree = "<group>"; };
		12C011E52C0247A20055E836 /* UIColorSorting.swift */ = {isa = PBXFileReference; lastKnownFileType = sourcecode.swift; path = UIColorSorting.swift; sourceTree = "<group>"; };
		12C011E72C0260510055E836 /* EmojiCollectionViewCell.swift */ = {isa = PBXFileReference; lastKnownFileType = sourcecode.swift; path = EmojiCollectionViewCell.swift; sourceTree = "<group>"; };
		12C011E92C0260730055E836 /* ColorsCollectionViewCell.swift */ = {isa = PBXFileReference; lastKnownFileType = sourcecode.swift; path = ColorsCollectionViewCell.swift; sourceTree = "<group>"; };
		12D148D32BDEB29400AEA722 /* HabitTracker.app */ = {isa = PBXFileReference; explicitFileType = wrapper.application; includeInIndex = 0; path = HabitTracker.app; sourceTree = BUILT_PRODUCTS_DIR; };
		12D148D62BDEB29400AEA722 /* AppDelegate.swift */ = {isa = PBXFileReference; lastKnownFileType = sourcecode.swift; path = AppDelegate.swift; sourceTree = "<group>"; };
		12D148D82BDEB29400AEA722 /* SceneDelegate.swift */ = {isa = PBXFileReference; lastKnownFileType = sourcecode.swift; path = SceneDelegate.swift; sourceTree = "<group>"; };
		12D148DF2BDEB29500AEA722 /* Assets.xcassets */ = {isa = PBXFileReference; lastKnownFileType = folder.assetcatalog; path = Assets.xcassets; sourceTree = "<group>"; };
		12D148E22BDEB29500AEA722 /* Base */ = {isa = PBXFileReference; lastKnownFileType = file.storyboard; name = Base; path = Base.lproj/LaunchScreen.storyboard; sourceTree = "<group>"; };
		12D148E42BDEB29500AEA722 /* Info.plist */ = {isa = PBXFileReference; lastKnownFileType = text.plist.xml; path = Info.plist; sourceTree = "<group>"; };
		12D148E92BDEB29500AEA722 /* HabitTrackerTests.xctest */ = {isa = PBXFileReference; explicitFileType = wrapper.cfbundle; includeInIndex = 0; path = HabitTrackerTests.xctest; sourceTree = BUILT_PRODUCTS_DIR; };
		12D148ED2BDEB29500AEA722 /* HabitTrackerTests.swift */ = {isa = PBXFileReference; lastKnownFileType = sourcecode.swift; path = HabitTrackerTests.swift; sourceTree = "<group>"; };
		12D148F32BDEB29500AEA722 /* HabitTrackerUITests.xctest */ = {isa = PBXFileReference; explicitFileType = wrapper.cfbundle; includeInIndex = 0; path = HabitTrackerUITests.xctest; sourceTree = BUILT_PRODUCTS_DIR; };
		12D148F72BDEB29500AEA722 /* HabitTrackerUITests.swift */ = {isa = PBXFileReference; lastKnownFileType = sourcecode.swift; path = HabitTrackerUITests.swift; sourceTree = "<group>"; };
		12D148F92BDEB29500AEA722 /* HabitTrackerUITestsLaunchTests.swift */ = {isa = PBXFileReference; lastKnownFileType = sourcecode.swift; path = HabitTrackerUITestsLaunchTests.swift; sourceTree = "<group>"; };
		12D149062BDEB4E300AEA722 /* TrackersViewController.swift */ = {isa = PBXFileReference; lastKnownFileType = sourcecode.swift; path = TrackersViewController.swift; sourceTree = "<group>"; };
		12D149082BDEB4F800AEA722 /* TabBarController.swift */ = {isa = PBXFileReference; lastKnownFileType = sourcecode.swift; path = TabBarController.swift; sourceTree = "<group>"; };
		12D1490A2BDEB54500AEA722 /* StatsViewController.swift */ = {isa = PBXFileReference; lastKnownFileType = sourcecode.swift; path = StatsViewController.swift; sourceTree = "<group>"; };
		12D1490D2BDEBBB500AEA722 /* NewTrackerViewController.swift */ = {isa = PBXFileReference; lastKnownFileType = sourcecode.swift; path = NewTrackerViewController.swift; sourceTree = "<group>"; };
		12D1490F2BDEBBFD00AEA722 /* NewHabitViewController.swift */ = {isa = PBXFileReference; lastKnownFileType = sourcecode.swift; path = NewHabitViewController.swift; sourceTree = "<group>"; };
		12D149112BDEBC2300AEA722 /* NewSingleHabitViewController.swift */ = {isa = PBXFileReference; lastKnownFileType = sourcecode.swift; path = NewSingleHabitViewController.swift; sourceTree = "<group>"; };
		12D149132BDEBD6400AEA722 /* NewTableCell.swift */ = {isa = PBXFileReference; lastKnownFileType = sourcecode.swift; path = NewTableCell.swift; sourceTree = "<group>"; };
		12D149152BDEBD9100AEA722 /* TrackerCategoryViewController.swift */ = {isa = PBXFileReference; lastKnownFileType = sourcecode.swift; path = TrackerCategoryViewController.swift; sourceTree = "<group>"; };
		12D149182BDEBE1500AEA722 /* DateFormatter.swift */ = {isa = PBXFileReference; lastKnownFileType = sourcecode.swift; path = DateFormatter.swift; sourceTree = "<group>"; };
		12D1491B2BDEBE7900AEA722 /* Tracker.swift */ = {isa = PBXFileReference; lastKnownFileType = sourcecode.swift; path = Tracker.swift; sourceTree = "<group>"; };
		12D1491D2BDEBE8700AEA722 /* TrackerCategory.swift */ = {isa = PBXFileReference; lastKnownFileType = sourcecode.swift; path = TrackerCategory.swift; sourceTree = "<group>"; };
		12D1491F2BDEBE9000AEA722 /* TrackerRecord.swift */ = {isa = PBXFileReference; lastKnownFileType = sourcecode.swift; path = TrackerRecord.swift; sourceTree = "<group>"; };
		12D149212BDEC04100AEA722 /* DateStorage.swift */ = {isa = PBXFileReference; lastKnownFileType = sourcecode.swift; path = DateStorage.swift; sourceTree = "<group>"; };
		12D149232BDEC0A800AEA722 /* CreatingTrackersModel.swift */ = {isa = PBXFileReference; lastKnownFileType = sourcecode.swift; path = CreatingTrackersModel.swift; sourceTree = "<group>"; };
		12D149252BDEC0EA00AEA722 /* CreatingCategoryViewController.swift */ = {isa = PBXFileReference; lastKnownFileType = sourcecode.swift; path = CreatingCategoryViewController.swift; sourceTree = "<group>"; };
		12D149272BDEC15200AEA722 /* UITextField+Extension.swift */ = {isa = PBXFileReference; lastKnownFileType = sourcecode.swift; path = "UITextField+Extension.swift"; sourceTree = "<group>"; };
		12D149292BDEC1A300AEA722 /* UIColors.swift */ = {isa = PBXFileReference; lastKnownFileType = sourcecode.swift; path = UIColors.swift; sourceTree = "<group>"; };
		12D1492B2BDEC1CF00AEA722 /* ScheduleViewController.swift */ = {isa = PBXFileReference; lastKnownFileType = sourcecode.swift; path = ScheduleViewController.swift; sourceTree = "<group>"; };
		12D1492D2BDEC1ED00AEA722 /* ScheduleCell.swift */ = {isa = PBXFileReference; lastKnownFileType = sourcecode.swift; path = ScheduleCell.swift; sourceTree = "<group>"; };
		12D1492F2BDEC27100AEA722 /* CollectionSetup.swift */ = {isa = PBXFileReference; lastKnownFileType = sourcecode.swift; path = CollectionSetup.swift; sourceTree = "<group>"; };
		12D149312BDEC28D00AEA722 /* TrackerCell.swift */ = {isa = PBXFileReference; lastKnownFileType = sourcecode.swift; path = TrackerCell.swift; sourceTree = "<group>"; };
		12D149332BDEC2B500AEA722 /* SupplementaryView.swift */ = {isa = PBXFileReference; lastKnownFileType = sourcecode.swift; path = SupplementaryView.swift; sourceTree = "<group>"; };
/* End PBXFileReference section */

/* Begin PBXFrameworksBuildPhase section */
		12D148D02BDEB29400AEA722 /* Frameworks */ = {
			isa = PBXFrameworksBuildPhase;
			buildActionMask = 2147483647;
			files = (
			);
			runOnlyForDeploymentPostprocessing = 0;
		};
		12D148E62BDEB29500AEA722 /* Frameworks */ = {
			isa = PBXFrameworksBuildPhase;
			buildActionMask = 2147483647;
			files = (
			);
			runOnlyForDeploymentPostprocessing = 0;
		};
		12D148F02BDEB29500AEA722 /* Frameworks */ = {
			isa = PBXFrameworksBuildPhase;
			buildActionMask = 2147483647;
			files = (
			);
			runOnlyForDeploymentPostprocessing = 0;
		};
/* End PBXFrameworksBuildPhase section */

/* Begin PBXGroup section */
		1292D8B92BDFA6C0004755C7 /* ViewControllers */ = {
			isa = PBXGroup;
			children = (
				12D149062BDEB4E300AEA722 /* TrackersViewController.swift */,
				12D149252BDEC0EA00AEA722 /* CreatingCategoryViewController.swift */,
				12D1492B2BDEC1CF00AEA722 /* ScheduleViewController.swift */,
				12D1490A2BDEB54500AEA722 /* StatsViewController.swift */,
				125C6A642C0B95E80070F742 /* OnboardViewController.swift */,
				125C6A662C0B95F90070F742 /* OnboardContentViewController.swift */,
			);
			path = ViewControllers;
			sourceTree = "<group>";
		};
		1292D8BA2BDFA6E1004755C7 /* Cells */ = {
			isa = PBXGroup;
			children = (
				12D1492D2BDEC1ED00AEA722 /* ScheduleCell.swift */,
				12D149312BDEC28D00AEA722 /* TrackerCell.swift */,
				12C011E72C0260510055E836 /* EmojiCollectionViewCell.swift */,
				12C011E92C0260730055E836 /* ColorsCollectionViewCell.swift */,
			);
			path = Cells;
			sourceTree = "<group>";
		};
		1292D8BB2BDFA71D004755C7 /* TabBar */ = {
			isa = PBXGroup;
			children = (
				12D149082BDEB4F800AEA722 /* TabBarController.swift */,
			);
			path = TabBar;
			sourceTree = "<group>";
		};
		12C011D82C023F4F0055E836 /* Storage */ = {
			isa = PBXGroup;
			children = (
				12C011D92C023F700055E836 /* TrackersCategoryStorage.swift */,
				12C011DB2C023F810055E836 /* TrackersStorage.swift */,
				12C011DD2C023F930055E836 /* TrackersRecordStorage.swift */,
			);
			path = Storage;
			sourceTree = "<group>";
		};
		12C011E12C0244DD0055E836 /* CoreData */ = {
			isa = PBXGroup;
			children = (
				12C011E22C0244DD0055E836 /* TrackerModel.xcdatamodeld */,
			);
			path = CoreData;
			sourceTree = "<group>";
		};
		12D148CA2BDEB29400AEA722 = {
			isa = PBXGroup;
			children = (
				12D148D52BDEB29400AEA722 /* HabitTracker */,
				12D148EC2BDEB29500AEA722 /* HabitTrackerTests */,
				12D148F62BDEB29500AEA722 /* HabitTrackerUITests */,
				12D148D42BDEB29400AEA722 /* Products */,
			);
			sourceTree = "<group>";
		};
		12D148D42BDEB29400AEA722 /* Products */ = {
			isa = PBXGroup;
			children = (
				12D148D32BDEB29400AEA722 /* HabitTracker.app */,
				12D148E92BDEB29500AEA722 /* HabitTrackerTests.xctest */,
				12D148F32BDEB29500AEA722 /* HabitTrackerUITests.xctest */,
			);
			name = Products;
			sourceTree = "<group>";
		};
		12D148D52BDEB29400AEA722 /* HabitTracker */ = {
			isa = PBXGroup;
			children = (
				12C011E12C0244DD0055E836 /* CoreData */,
				12C011D82C023F4F0055E836 /* Storage */,
				1292D8BB2BDFA71D004755C7 /* TabBar */,
				1292D8BA2BDFA6E1004755C7 /* Cells */,
				1292D8B92BDFA6C0004755C7 /* ViewControllers */,
				12D1491A2BDEBE6E00AEA722 /* Models */,
				12D149172BDEBE0900AEA722 /* Helpers */,
				12D1490C2BDEBB9700AEA722 /* NewTrackerCreation */,
				12D148D62BDEB29400AEA722 /* AppDelegate.swift */,
				12D148D82BDEB29400AEA722 /* SceneDelegate.swift */,
				12D148DF2BDEB29500AEA722 /* Assets.xcassets */,
				12D148E12BDEB29500AEA722 /* LaunchScreen.storyboard */,
				12D148E42BDEB29500AEA722 /* Info.plist */,
			);
			path = HabitTracker;
			sourceTree = "<group>";
		};
		12D148EC2BDEB29500AEA722 /* HabitTrackerTests */ = {
			isa = PBXGroup;
			children = (
				12D148ED2BDEB29500AEA722 /* HabitTrackerTests.swift */,
			);
			path = HabitTrackerTests;
			sourceTree = "<group>";
		};
		12D148F62BDEB29500AEA722 /* HabitTrackerUITests */ = {
			isa = PBXGroup;
			children = (
				12D148F72BDEB29500AEA722 /* HabitTrackerUITests.swift */,
				12D148F92BDEB29500AEA722 /* HabitTrackerUITestsLaunchTests.swift */,
			);
			path = HabitTrackerUITests;
			sourceTree = "<group>";
		};
		12D1490C2BDEBB9700AEA722 /* NewTrackerCreation */ = {
			isa = PBXGroup;
			children = (
				12D1490D2BDEBBB500AEA722 /* NewTrackerViewController.swift */,
				12D1490F2BDEBBFD00AEA722 /* NewHabitViewController.swift */,
				12D149112BDEBC2300AEA722 /* NewSingleHabitViewController.swift */,
				12D149132BDEBD6400AEA722 /* NewTableCell.swift */,
				12D149152BDEBD9100AEA722 /* TrackerCategoryViewController.swift */,
				125C6A6A2C0B9CCB0070F742 /* TrackerCategoryViewModel.swift */,
			);
			path = NewTrackerCreation;
			sourceTree = "<group>";
		};
		12D149172BDEBE0900AEA722 /* Helpers */ = {
			isa = PBXGroup;
			children = (
				12D149332BDEC2B500AEA722 /* SupplementaryView.swift */,
				12D149182BDEBE1500AEA722 /* DateFormatter.swift */,
				12D149212BDEC04100AEA722 /* DateStorage.swift */,
				12D149272BDEC15200AEA722 /* UITextField+Extension.swift */,
				12D149292BDEC1A300AEA722 /* UIColors.swift */,
				12D1492F2BDEC27100AEA722 /* CollectionSetup.swift */,
				12C011DF2C02433E0055E836 /* StorageError.swift */,
				12C011E52C0247A20055E836 /* UIColorSorting.swift */,
				125C6A682C0B96B10070F742 /* ObservableValue.swift */,
			);
			path = Helpers;
			sourceTree = "<group>";
		};
		12D1491A2BDEBE6E00AEA722 /* Models */ = {
			isa = PBXGroup;
			children = (
				12D1491B2BDEBE7900AEA722 /* Tracker.swift */,
				12D1491D2BDEBE8700AEA722 /* TrackerCategory.swift */,
				12D1491F2BDEBE9000AEA722 /* TrackerRecord.swift */,
				12D149232BDEC0A800AEA722 /* CreatingTrackersModel.swift */,
			);
			path = Models;
			sourceTree = "<group>";
		};
/* End PBXGroup section */

/* Begin PBXNativeTarget section */
		12D148D22BDEB29400AEA722 /* HabitTracker */ = {
			isa = PBXNativeTarget;
			buildConfigurationList = 12D148FD2BDEB29500AEA722 /* Build configuration list for PBXNativeTarget "HabitTracker" */;
			buildPhases = (
				12D148CF2BDEB29400AEA722 /* Sources */,
				12D148D02BDEB29400AEA722 /* Frameworks */,
				12D148D12BDEB29400AEA722 /* Resources */,
			);
			buildRules = (
			);
			dependencies = (
			);
			name = HabitTracker;
			productName = HabitTracker;
			productReference = 12D148D32BDEB29400AEA722 /* HabitTracker.app */;
			productType = "com.apple.product-type.application";
		};
		12D148E82BDEB29500AEA722 /* HabitTrackerTests */ = {
			isa = PBXNativeTarget;
			buildConfigurationList = 12D149002BDEB29500AEA722 /* Build configuration list for PBXNativeTarget "HabitTrackerTests" */;
			buildPhases = (
				12D148E52BDEB29500AEA722 /* Sources */,
				12D148E62BDEB29500AEA722 /* Frameworks */,
				12D148E72BDEB29500AEA722 /* Resources */,
			);
			buildRules = (
			);
			dependencies = (
				12D148EB2BDEB29500AEA722 /* PBXTargetDependency */,
			);
			name = HabitTrackerTests;
			productName = HabitTrackerTests;
			productReference = 12D148E92BDEB29500AEA722 /* HabitTrackerTests.xctest */;
			productType = "com.apple.product-type.bundle.unit-test";
		};
		12D148F22BDEB29500AEA722 /* HabitTrackerUITests */ = {
			isa = PBXNativeTarget;
			buildConfigurationList = 12D149032BDEB29500AEA722 /* Build configuration list for PBXNativeTarget "HabitTrackerUITests" */;
			buildPhases = (
				12D148EF2BDEB29500AEA722 /* Sources */,
				12D148F02BDEB29500AEA722 /* Frameworks */,
				12D148F12BDEB29500AEA722 /* Resources */,
			);
			buildRules = (
			);
			dependencies = (
				12D148F52BDEB29500AEA722 /* PBXTargetDependency */,
			);
			name = HabitTrackerUITests;
			productName = HabitTrackerUITests;
			productReference = 12D148F32BDEB29500AEA722 /* HabitTrackerUITests.xctest */;
			productType = "com.apple.product-type.bundle.ui-testing";
		};
/* End PBXNativeTarget section */

/* Begin PBXProject section */
		12D148CB2BDEB29400AEA722 /* Project object */ = {
			isa = PBXProject;
			attributes = {
				BuildIndependentTargetsInParallel = 1;
				LastSwiftUpdateCheck = 1500;
				LastUpgradeCheck = 1500;
				TargetAttributes = {
					12D148D22BDEB29400AEA722 = {
						CreatedOnToolsVersion = 15.0.1;
					};
					12D148E82BDEB29500AEA722 = {
						CreatedOnToolsVersion = 15.0.1;
						TestTargetID = 12D148D22BDEB29400AEA722;
					};
					12D148F22BDEB29500AEA722 = {
						CreatedOnToolsVersion = 15.0.1;
						TestTargetID = 12D148D22BDEB29400AEA722;
					};
				};
			};
			buildConfigurationList = 12D148CE2BDEB29400AEA722 /* Build configuration list for PBXProject "HabitTracker" */;
			compatibilityVersion = "Xcode 14.0";
			developmentRegion = en;
			hasScannedForEncodings = 0;
			knownRegions = (
				en,
				Base,
			);
			mainGroup = 12D148CA2BDEB29400AEA722;
			productRefGroup = 12D148D42BDEB29400AEA722 /* Products */;
			projectDirPath = "";
			projectRoot = "";
			targets = (
				12D148D22BDEB29400AEA722 /* HabitTracker */,
				12D148E82BDEB29500AEA722 /* HabitTrackerTests */,
				12D148F22BDEB29500AEA722 /* HabitTrackerUITests */,
			);
		};
/* End PBXProject section */

/* Begin PBXResourcesBuildPhase section */
		12D148D12BDEB29400AEA722 /* Resources */ = {
			isa = PBXResourcesBuildPhase;
			buildActionMask = 2147483647;
			files = (
				12D148E32BDEB29500AEA722 /* LaunchScreen.storyboard in Resources */,
				12D148E02BDEB29500AEA722 /* Assets.xcassets in Resources */,
			);
			runOnlyForDeploymentPostprocessing = 0;
		};
		12D148E72BDEB29500AEA722 /* Resources */ = {
			isa = PBXResourcesBuildPhase;
			buildActionMask = 2147483647;
			files = (
			);
			runOnlyForDeploymentPostprocessing = 0;
		};
		12D148F12BDEB29500AEA722 /* Resources */ = {
			isa = PBXResourcesBuildPhase;
			buildActionMask = 2147483647;
			files = (
			);
			runOnlyForDeploymentPostprocessing = 0;
		};
/* End PBXResourcesBuildPhase section */

/* Begin PBXSourcesBuildPhase section */
		12D148CF2BDEB29400AEA722 /* Sources */ = {
			isa = PBXSourcesBuildPhase;
			buildActionMask = 2147483647;
			files = (
				12C011DC2C023F810055E836 /* TrackersStorage.swift in Sources */,
				125C6A692C0B96B10070F742 /* ObservableValue.swift in Sources */,
				12D1491C2BDEBE7900AEA722 /* Tracker.swift in Sources */,
				12D149122BDEBC2300AEA722 /* NewSingleHabitViewController.swift in Sources */,
				12D148D72BDEB29400AEA722 /* AppDelegate.swift in Sources */,
				12D149242BDEC0A800AEA722 /* CreatingTrackersModel.swift in Sources */,
				12D149202BDEBE9000AEA722 /* TrackerRecord.swift in Sources */,
				125C6A6B2C0B9CCB0070F742 /* TrackerCategoryViewModel.swift in Sources */,
				12D149102BDEBBFD00AEA722 /* NewHabitViewController.swift in Sources */,
				12C011E42C0244DD0055E836 /* TrackerModel.xcdatamodeld in Sources */,
				12D149342BDEC2B500AEA722 /* SupplementaryView.swift in Sources */,
				12D149092BDEB4F800AEA722 /* TabBarController.swift in Sources */,
				12D149262BDEC0EA00AEA722 /* CreatingCategoryViewController.swift in Sources */,
				12D1491E2BDEBE8700AEA722 /* TrackerCategory.swift in Sources */,
				12C011E62C0247A20055E836 /* UIColorSorting.swift in Sources */,
				12D149322BDEC28D00AEA722 /* TrackerCell.swift in Sources */,
				12D149282BDEC15200AEA722 /* UITextField+Extension.swift in Sources */,
				12D1492E2BDEC1ED00AEA722 /* ScheduleCell.swift in Sources */,
				12D149142BDEBD6400AEA722 /* NewTableCell.swift in Sources */,
				12D149192BDEBE1500AEA722 /* DateFormatter.swift in Sources */,
				12C011EA2C0260730055E836 /* ColorsCollectionViewCell.swift in Sources */,
				12D148D92BDEB29400AEA722 /* SceneDelegate.swift in Sources */,
				12D1490B2BDEB54500AEA722 /* StatsViewController.swift in Sources */,
				12D1492A2BDEC1A300AEA722 /* UIColors.swift in Sources */,
				12D1492C2BDEC1CF00AEA722 /* ScheduleViewController.swift in Sources */,
				12D149302BDEC27100AEA722 /* CollectionSetup.swift in Sources */,
				12D149162BDEBD9100AEA722 /* TrackerCategoryViewController.swift in Sources */,
				12C011E82C0260510055E836 /* EmojiCollectionViewCell.swift in Sources */,
				12C011DA2C023F700055E836 /* TrackersCategoryStorage.swift in Sources */,
				12D1490E2BDEBBB500AEA722 /* NewTrackerViewController.swift in Sources */,
				12C011DE2C023F930055E836 /* TrackersRecordStorage.swift in Sources */,
				12C011E02C02433E0055E836 /* StorageError.swift in Sources */,
				12D149222BDEC04100AEA722 /* DateStorage.swift in Sources */,
				125C6A652C0B95E80070F742 /* OnboardViewController.swift in Sources */,
				125C6A672C0B95F90070F742 /* OnboardContentViewController.swift in Sources */,
				12D149072BDEB4E300AEA722 /* TrackersViewController.swift in Sources */,
			);
			runOnlyForDeploymentPostprocessing = 0;
		};
		12D148E52BDEB29500AEA722 /* Sources */ = {
			isa = PBXSourcesBuildPhase;
			buildActionMask = 2147483647;
			files = (
				12D148EE2BDEB29500AEA722 /* HabitTrackerTests.swift in Sources */,
			);
			runOnlyForDeploymentPostprocessing = 0;
		};
		12D148EF2BDEB29500AEA722 /* Sources */ = {
			isa = PBXSourcesBuildPhase;
			buildActionMask = 2147483647;
			files = (
				12D148FA2BDEB29500AEA722 /* HabitTrackerUITestsLaunchTests.swift in Sources */,
				12D148F82BDEB29500AEA722 /* HabitTrackerUITests.swift in Sources */,
			);
			runOnlyForDeploymentPostprocessing = 0;
		};
/* End PBXSourcesBuildPhase section */

/* Begin PBXTargetDependency section */
		12D148EB2BDEB29500AEA722 /* PBXTargetDependency */ = {
			isa = PBXTargetDependency;
			target = 12D148D22BDEB29400AEA722 /* HabitTracker */;
			targetProxy = 12D148EA2BDEB29500AEA722 /* PBXContainerItemProxy */;
		};
		12D148F52BDEB29500AEA722 /* PBXTargetDependency */ = {
			isa = PBXTargetDependency;
			target = 12D148D22BDEB29400AEA722 /* HabitTracker */;
			targetProxy = 12D148F42BDEB29500AEA722 /* PBXContainerItemProxy */;
		};
/* End PBXTargetDependency section */

/* Begin PBXVariantGroup section */
		12D148E12BDEB29500AEA722 /* LaunchScreen.storyboard */ = {
			isa = PBXVariantGroup;
			children = (
				12D148E22BDEB29500AEA722 /* Base */,
			);
			name = LaunchScreen.storyboard;
			sourceTree = "<group>";
		};
/* End PBXVariantGroup section */

/* Begin XCBuildConfiguration section */
		12D148FB2BDEB29500AEA722 /* Debug */ = {
			isa = XCBuildConfiguration;
			buildSettings = {
				ALWAYS_SEARCH_USER_PATHS = NO;
				ASSETCATALOG_COMPILER_GENERATE_SWIFT_ASSET_SYMBOL_EXTENSIONS = YES;
				CLANG_ANALYZER_NONNULL = YES;
				CLANG_ANALYZER_NUMBER_OBJECT_CONVERSION = YES_AGGRESSIVE;
				CLANG_CXX_LANGUAGE_STANDARD = "gnu++20";
				CLANG_ENABLE_MODULES = YES;
				CLANG_ENABLE_OBJC_ARC = YES;
				CLANG_ENABLE_OBJC_WEAK = YES;
				CLANG_WARN_BLOCK_CAPTURE_AUTORELEASING = YES;
				CLANG_WARN_BOOL_CONVERSION = YES;
				CLANG_WARN_COMMA = YES;
				CLANG_WARN_CONSTANT_CONVERSION = YES;
				CLANG_WARN_DEPRECATED_OBJC_IMPLEMENTATIONS = YES;
				CLANG_WARN_DIRECT_OBJC_ISA_USAGE = YES_ERROR;
				CLANG_WARN_DOCUMENTATION_COMMENTS = YES;
				CLANG_WARN_EMPTY_BODY = YES;
				CLANG_WARN_ENUM_CONVERSION = YES;
				CLANG_WARN_INFINITE_RECURSION = YES;
				CLANG_WARN_INT_CONVERSION = YES;
				CLANG_WARN_NON_LITERAL_NULL_CONVERSION = YES;
				CLANG_WARN_OBJC_IMPLICIT_RETAIN_SELF = YES;
				CLANG_WARN_OBJC_LITERAL_CONVERSION = YES;
				CLANG_WARN_OBJC_ROOT_CLASS = YES_ERROR;
				CLANG_WARN_QUOTED_INCLUDE_IN_FRAMEWORK_HEADER = YES;
				CLANG_WARN_RANGE_LOOP_ANALYSIS = YES;
				CLANG_WARN_STRICT_PROTOTYPES = YES;
				CLANG_WARN_SUSPICIOUS_MOVE = YES;
				CLANG_WARN_UNGUARDED_AVAILABILITY = YES_AGGRESSIVE;
				CLANG_WARN_UNREACHABLE_CODE = YES;
				CLANG_WARN__DUPLICATE_METHOD_MATCH = YES;
				COPY_PHASE_STRIP = NO;
				DEBUG_INFORMATION_FORMAT = dwarf;
				ENABLE_STRICT_OBJC_MSGSEND = YES;
				ENABLE_TESTABILITY = YES;
				ENABLE_USER_SCRIPT_SANDBOXING = YES;
				GCC_C_LANGUAGE_STANDARD = gnu17;
				GCC_DYNAMIC_NO_PIC = NO;
				GCC_NO_COMMON_BLOCKS = YES;
				GCC_OPTIMIZATION_LEVEL = 0;
				GCC_PREPROCESSOR_DEFINITIONS = (
					"DEBUG=1",
					"$(inherited)",
				);
				GCC_WARN_64_TO_32_BIT_CONVERSION = YES;
				GCC_WARN_ABOUT_RETURN_TYPE = YES_ERROR;
				GCC_WARN_UNDECLARED_SELECTOR = YES;
				GCC_WARN_UNINITIALIZED_AUTOS = YES_AGGRESSIVE;
				GCC_WARN_UNUSED_FUNCTION = YES;
				GCC_WARN_UNUSED_VARIABLE = YES;
				IPHONEOS_DEPLOYMENT_TARGET = 17.0;
				LOCALIZATION_PREFERS_STRING_CATALOGS = YES;
				MTL_ENABLE_DEBUG_INFO = INCLUDE_SOURCE;
				MTL_FAST_MATH = YES;
				ONLY_ACTIVE_ARCH = YES;
				SDKROOT = iphoneos;
				SWIFT_ACTIVE_COMPILATION_CONDITIONS = "DEBUG $(inherited)";
				SWIFT_OPTIMIZATION_LEVEL = "-Onone";
			};
			name = Debug;
		};
		12D148FC2BDEB29500AEA722 /* Release */ = {
			isa = XCBuildConfiguration;
			buildSettings = {
				ALWAYS_SEARCH_USER_PATHS = NO;
				ASSETCATALOG_COMPILER_GENERATE_SWIFT_ASSET_SYMBOL_EXTENSIONS = YES;
				CLANG_ANALYZER_NONNULL = YES;
				CLANG_ANALYZER_NUMBER_OBJECT_CONVERSION = YES_AGGRESSIVE;
				CLANG_CXX_LANGUAGE_STANDARD = "gnu++20";
				CLANG_ENABLE_MODULES = YES;
				CLANG_ENABLE_OBJC_ARC = YES;
				CLANG_ENABLE_OBJC_WEAK = YES;
				CLANG_WARN_BLOCK_CAPTURE_AUTORELEASING = YES;
				CLANG_WARN_BOOL_CONVERSION = YES;
				CLANG_WARN_COMMA = YES;
				CLANG_WARN_CONSTANT_CONVERSION = YES;
				CLANG_WARN_DEPRECATED_OBJC_IMPLEMENTATIONS = YES;
				CLANG_WARN_DIRECT_OBJC_ISA_USAGE = YES_ERROR;
				CLANG_WARN_DOCUMENTATION_COMMENTS = YES;
				CLANG_WARN_EMPTY_BODY = YES;
				CLANG_WARN_ENUM_CONVERSION = YES;
				CLANG_WARN_INFINITE_RECURSION = YES;
				CLANG_WARN_INT_CONVERSION = YES;
				CLANG_WARN_NON_LITERAL_NULL_CONVERSION = YES;
				CLANG_WARN_OBJC_IMPLICIT_RETAIN_SELF = YES;
				CLANG_WARN_OBJC_LITERAL_CONVERSION = YES;
				CLANG_WARN_OBJC_ROOT_CLASS = YES_ERROR;
				CLANG_WARN_QUOTED_INCLUDE_IN_FRAMEWORK_HEADER = YES;
				CLANG_WARN_RANGE_LOOP_ANALYSIS = YES;
				CLANG_WARN_STRICT_PROTOTYPES = YES;
				CLANG_WARN_SUSPICIOUS_MOVE = YES;
				CLANG_WARN_UNGUARDED_AVAILABILITY = YES_AGGRESSIVE;
				CLANG_WARN_UNREACHABLE_CODE = YES;
				CLANG_WARN__DUPLICATE_METHOD_MATCH = YES;
				COPY_PHASE_STRIP = NO;
				DEBUG_INFORMATION_FORMAT = "dwarf-with-dsym";
				ENABLE_NS_ASSERTIONS = NO;
				ENABLE_STRICT_OBJC_MSGSEND = YES;
				ENABLE_USER_SCRIPT_SANDBOXING = YES;
				GCC_C_LANGUAGE_STANDARD = gnu17;
				GCC_NO_COMMON_BLOCKS = YES;
				GCC_WARN_64_TO_32_BIT_CONVERSION = YES;
				GCC_WARN_ABOUT_RETURN_TYPE = YES_ERROR;
				GCC_WARN_UNDECLARED_SELECTOR = YES;
				GCC_WARN_UNINITIALIZED_AUTOS = YES_AGGRESSIVE;
				GCC_WARN_UNUSED_FUNCTION = YES;
				GCC_WARN_UNUSED_VARIABLE = YES;
				IPHONEOS_DEPLOYMENT_TARGET = 17.0;
				LOCALIZATION_PREFERS_STRING_CATALOGS = YES;
				MTL_ENABLE_DEBUG_INFO = NO;
				MTL_FAST_MATH = YES;
				SDKROOT = iphoneos;
				SWIFT_COMPILATION_MODE = wholemodule;
				VALIDATE_PRODUCT = YES;
			};
			name = Release;
		};
		12D148FE2BDEB29500AEA722 /* Debug */ = {
			isa = XCBuildConfiguration;
			buildSettings = {
				ASSETCATALOG_COMPILER_APPICON_NAME = AppIcon;
				ASSETCATALOG_COMPILER_GLOBAL_ACCENT_COLOR_NAME = AccentColor;
				CODE_SIGN_STYLE = Automatic;
				CURRENT_PROJECT_VERSION = 1;
				DEVELOPMENT_TEAM = 83W9YR2F63;
				GENERATE_INFOPLIST_FILE = YES;
				INFOPLIST_FILE = HabitTracker/Info.plist;
				INFOPLIST_KEY_UIApplicationSupportsIndirectInputEvents = YES;
				INFOPLIST_KEY_UILaunchStoryboardName = LaunchScreen;
				INFOPLIST_KEY_UISupportedInterfaceOrientations_iPad = "UIInterfaceOrientationPortrait UIInterfaceOrientationPortraitUpsideDown UIInterfaceOrientationLandscapeLeft UIInterfaceOrientationLandscapeRight";
				INFOPLIST_KEY_UISupportedInterfaceOrientations_iPhone = "UIInterfaceOrientationPortrait UIInterfaceOrientationLandscapeLeft UIInterfaceOrientationLandscapeRight";
				IPHONEOS_DEPLOYMENT_TARGET = 13.4;
				LD_RUNPATH_SEARCH_PATHS = (
					"$(inherited)",
					"@executable_path/Frameworks",
				);
				MARKETING_VERSION = 1.0;
				PRODUCT_BUNDLE_IDENTIFIER = ru.TimBulokhov.HabitTracker;
				PRODUCT_NAME = "$(TARGET_NAME)";
				SWIFT_EMIT_LOC_STRINGS = YES;
				SWIFT_VERSION = 5.0;
				TARGETED_DEVICE_FAMILY = "1,2";
			};
			name = Debug;
		};
		12D148FF2BDEB29500AEA722 /* Release */ = {
			isa = XCBuildConfiguration;
			buildSettings = {
				ASSETCATALOG_COMPILER_APPICON_NAME = AppIcon;
				ASSETCATALOG_COMPILER_GLOBAL_ACCENT_COLOR_NAME = AccentColor;
				CODE_SIGN_STYLE = Automatic;
				CURRENT_PROJECT_VERSION = 1;
				DEVELOPMENT_TEAM = 83W9YR2F63;
				GENERATE_INFOPLIST_FILE = YES;
				INFOPLIST_FILE = HabitTracker/Info.plist;
				INFOPLIST_KEY_UIApplicationSupportsIndirectInputEvents = YES;
				INFOPLIST_KEY_UILaunchStoryboardName = LaunchScreen;
				INFOPLIST_KEY_UISupportedInterfaceOrientations_iPad = "UIInterfaceOrientationPortrait UIInterfaceOrientationPortraitUpsideDown UIInterfaceOrientationLandscapeLeft UIInterfaceOrientationLandscapeRight";
				INFOPLIST_KEY_UISupportedInterfaceOrientations_iPhone = "UIInterfaceOrientationPortrait UIInterfaceOrientationLandscapeLeft UIInterfaceOrientationLandscapeRight";
				IPHONEOS_DEPLOYMENT_TARGET = 13.4;
				LD_RUNPATH_SEARCH_PATHS = (
					"$(inherited)",
					"@executable_path/Frameworks",
				);
				MARKETING_VERSION = 1.0;
				PRODUCT_BUNDLE_IDENTIFIER = ru.TimBulokhov.HabitTracker;
				PRODUCT_NAME = "$(TARGET_NAME)";
				SWIFT_EMIT_LOC_STRINGS = YES;
				SWIFT_VERSION = 5.0;
				TARGETED_DEVICE_FAMILY = "1,2";
			};
			name = Release;
		};
		12D149012BDEB29500AEA722 /* Debug */ = {
			isa = XCBuildConfiguration;
			buildSettings = {
				ALWAYS_EMBED_SWIFT_STANDARD_LIBRARIES = YES;
				BUNDLE_LOADER = "$(TEST_HOST)";
				CODE_SIGN_STYLE = Automatic;
				CURRENT_PROJECT_VERSION = 1;
				DEVELOPMENT_TEAM = 83W9YR2F63;
				GENERATE_INFOPLIST_FILE = YES;
				IPHONEOS_DEPLOYMENT_TARGET = 17.0;
				MARKETING_VERSION = 1.0;
				PRODUCT_BUNDLE_IDENTIFIER = ru.TimBulokhov.HabitTrackerTests;
				PRODUCT_NAME = "$(TARGET_NAME)";
				SWIFT_EMIT_LOC_STRINGS = NO;
				SWIFT_VERSION = 5.0;
				TARGETED_DEVICE_FAMILY = "1,2";
				TEST_HOST = "$(BUILT_PRODUCTS_DIR)/HabitTracker.app/$(BUNDLE_EXECUTABLE_FOLDER_PATH)/HabitTracker";
			};
			name = Debug;
		};
		12D149022BDEB29500AEA722 /* Release */ = {
			isa = XCBuildConfiguration;
			buildSettings = {
				ALWAYS_EMBED_SWIFT_STANDARD_LIBRARIES = YES;
				BUNDLE_LOADER = "$(TEST_HOST)";
				CODE_SIGN_STYLE = Automatic;
				CURRENT_PROJECT_VERSION = 1;
				DEVELOPMENT_TEAM = 83W9YR2F63;
				GENERATE_INFOPLIST_FILE = YES;
				IPHONEOS_DEPLOYMENT_TARGET = 17.0;
				MARKETING_VERSION = 1.0;
				PRODUCT_BUNDLE_IDENTIFIER = ru.TimBulokhov.HabitTrackerTests;
				PRODUCT_NAME = "$(TARGET_NAME)";
				SWIFT_EMIT_LOC_STRINGS = NO;
				SWIFT_VERSION = 5.0;
				TARGETED_DEVICE_FAMILY = "1,2";
				TEST_HOST = "$(BUILT_PRODUCTS_DIR)/HabitTracker.app/$(BUNDLE_EXECUTABLE_FOLDER_PATH)/HabitTracker";
			};
			name = Release;
		};
		12D149042BDEB29500AEA722 /* Debug */ = {
			isa = XCBuildConfiguration;
			buildSettings = {
				ALWAYS_EMBED_SWIFT_STANDARD_LIBRARIES = YES;
				CODE_SIGN_STYLE = Automatic;
				CURRENT_PROJECT_VERSION = 1;
				DEVELOPMENT_TEAM = 83W9YR2F63;
				GENERATE_INFOPLIST_FILE = YES;
				MARKETING_VERSION = 1.0;
				PRODUCT_BUNDLE_IDENTIFIER = ru.TimBulokhov.HabitTrackerUITests;
				PRODUCT_NAME = "$(TARGET_NAME)";
				SWIFT_EMIT_LOC_STRINGS = NO;
				SWIFT_VERSION = 5.0;
				TARGETED_DEVICE_FAMILY = "1,2";
				TEST_TARGET_NAME = HabitTracker;
			};
			name = Debug;
		};
		12D149052BDEB29500AEA722 /* Release */ = {
			isa = XCBuildConfiguration;
			buildSettings = {
				ALWAYS_EMBED_SWIFT_STANDARD_LIBRARIES = YES;
				CODE_SIGN_STYLE = Automatic;
				CURRENT_PROJECT_VERSION = 1;
				DEVELOPMENT_TEAM = 83W9YR2F63;
				GENERATE_INFOPLIST_FILE = YES;
				MARKETING_VERSION = 1.0;
				PRODUCT_BUNDLE_IDENTIFIER = ru.TimBulokhov.HabitTrackerUITests;
				PRODUCT_NAME = "$(TARGET_NAME)";
				SWIFT_EMIT_LOC_STRINGS = NO;
				SWIFT_VERSION = 5.0;
				TARGETED_DEVICE_FAMILY = "1,2";
				TEST_TARGET_NAME = HabitTracker;
			};
			name = Release;
		};
/* End XCBuildConfiguration section */

/* Begin XCConfigurationList section */
		12D148CE2BDEB29400AEA722 /* Build configuration list for PBXProject "HabitTracker" */ = {
			isa = XCConfigurationList;
			buildConfigurations = (
				12D148FB2BDEB29500AEA722 /* Debug */,
				12D148FC2BDEB29500AEA722 /* Release */,
			);
			defaultConfigurationIsVisible = 0;
			defaultConfigurationName = Release;
		};
		12D148FD2BDEB29500AEA722 /* Build configuration list for PBXNativeTarget "HabitTracker" */ = {
			isa = XCConfigurationList;
			buildConfigurations = (
				12D148FE2BDEB29500AEA722 /* Debug */,
				12D148FF2BDEB29500AEA722 /* Release */,
			);
			defaultConfigurationIsVisible = 0;
			defaultConfigurationName = Release;
		};
		12D149002BDEB29500AEA722 /* Build configuration list for PBXNativeTarget "HabitTrackerTests" */ = {
			isa = XCConfigurationList;
			buildConfigurations = (
				12D149012BDEB29500AEA722 /* Debug */,
				12D149022BDEB29500AEA722 /* Release */,
			);
			defaultConfigurationIsVisible = 0;
			defaultConfigurationName = Release;
		};
		12D149032BDEB29500AEA722 /* Build configuration list for PBXNativeTarget "HabitTrackerUITests" */ = {
			isa = XCConfigurationList;
			buildConfigurations = (
				12D149042BDEB29500AEA722 /* Debug */,
				12D149052BDEB29500AEA722 /* Release */,
			);
			defaultConfigurationIsVisible = 0;
			defaultConfigurationName = Release;
		};
/* End XCConfigurationList section */

/* Begin XCVersionGroup section */
		12C011E22C0244DD0055E836 /* TrackerModel.xcdatamodeld */ = {
			isa = XCVersionGroup;
			children = (
				12C011E32C0244DD0055E836 /* TrackerModel.xcdatamodel */,
			);
			currentVersion = 12C011E32C0244DD0055E836 /* TrackerModel.xcdatamodel */;
			path = TrackerModel.xcdatamodeld;
			sourceTree = "<group>";
			versionGroupType = wrapper.xcdatamodel;
		};
/* End XCVersionGroup section */
	};
	rootObject = 12D148CB2BDEB29400AEA722 /* Project object */;
}
